
Microsoft Visual Studio Solution File, Format Version 12.00
# Visual Studio Version 17
VisualStudioVersion = 17.5.002.0
MinimumVisualStudioVersion = 10.0.40219.1
Project("{9A19103F-16F7-4668-BE54-9A1E7A4F7556}") = "CALCULAR CEROS", "CALCULAR CEROS.csproj", "{42B1E40B-F9BC-47B7-A4D7-9F913348323B}"
EndProject
Global
	GlobalSection(SolutionConfigurationPlatforms) = preSolution
		Debug|Any CPU = Debug|Any CPU
		Release|Any CPU = Release|Any CPU
	EndGlobalSection
	GlobalSection(ProjectConfigurationPlatforms) = postSolution
		{42B1E40B-F9BC-47B7-A4D7-9F913348323B}.Debug|Any CPU.ActiveCfg = Debug|Any CPU
		{42B1E40B-F9BC-47B7-A4D7-9F913348323B}.Debug|Any CPU.Build.0 = Debug|Any CPU
		{42B1E40B-F9BC-47B7-A4D7-9F913348323B}.Release|Any CPU.ActiveCfg = Release|Any CPU
		{42B1E40B-F9BC-47B7-A4D7-9F913348323B}.Release|Any CPU.Build.0 = Release|Any CPU
	EndGlobalSection
	GlobalSection(SolutionProperties) = preSolution
		HideSolutionNode = FALSE
	EndGlobalSection
	GlobalSection(ExtensibilityGlobals) = postSolution
		SolutionGuid = {5F9CD73B-31AC-4C67-8E6E-8898813024BC}
	EndGlobalSection
EndGlobal
